
Microsoft Visual Studio Solution File, Format Version 12.00
Project("{FAE04EC0-301F-11D3-BF4B-00C04F79EFBC}") = "CSharp", "CSharp\CSharp.csproj", "{BA4644E2-03DB-49BC-8958-DEB0CB624F1D}"
EndProject
Project("{FAE04EC0-301F-11D3-BF4B-00C04F79EFBC}") = "EntityFrameWork", "EntityFrameWork\EntityFrameWork.csproj", "{B60299DB-7484-48C6-BB91-05472C6B6BDB}"
EndProject
Project("{FAE04EC0-301F-11D3-BF4B-00C04F79EFBC}") = "WebApi", "WebApi\WebApi.csproj", "{2594D779-A75D-4454-86FE-C02F6285803E}"
EndProject
Project("{FAE04EC0-301F-11D3-BF4B-00C04F79EFBC}") = "WebApi.Client.BlazorServer", "WebApi.Client.BlazorServer\WebApi.Client.BlazorServer.csproj", "{A02C7617-32A3-4EE1-B0E3-08646D690A3B}"
EndProject
Project("{FAE04EC0-301F-11D3-BF4B-00C04F79EFBC}") = "WebApi.Client.BlazorWebAssembly", "WebApi.Client.BlazorWebAssembly\WebApi.Client.BlazorWebAssembly.csproj", "{7191AD02-FD1E-4A6A-89B6-EE29BB2E44A6}"
EndProject
Project("{FAE04EC0-301F-11D3-BF4B-00C04F79EFBC}") = "InfluxDB", "InfluxDB\InfluxDB.csproj", "{162F8CB0-FD30-4C8E-B606-3564E5D35A00}"
EndProject
Project("{FAE04EC0-301F-11D3-BF4B-00C04F79EFBC}") = "BlazorFrontEnd", "BlazorFrontEnd\BlazorFrontEnd.csproj", "{E9F799BF-25EB-4107-847B-CBA5631984CA}"
EndProject
Project("{FAE04EC0-301F-11D3-BF4B-00C04F79EFBC}") = "BlazorFrontEnd.Tests", "BlazorFrontEnd.Tests\BlazorFrontEnd.Tests.csproj", "{944C21CF-3C59-4B1A-913D-9C9B58471F58}"
EndProject
Project("{FAE04EC0-301F-11D3-BF4B-00C04F79EFBC}") = "AzureFunction", "AzureFunction\AzureFunction.csproj", "{334C2609-C1AE-4A80-85E7-D18FFD312D76}"
EndProject
Project("{FAE04EC0-301F-11D3-BF4B-00C04F79EFBC}") = "WordPdfConvert", "WordPdfConvert\WordPdfConvert.csproj", "{52BD0659-5714-49EB-B240-6E44457931B3}"
EndProject
Global
	GlobalSection(SolutionConfigurationPlatforms) = preSolution
		Debug|Any CPU = Debug|Any CPU
		Release|Any CPU = Release|Any CPU
	EndGlobalSection
	GlobalSection(ProjectConfigurationPlatforms) = postSolution
		{BA4644E2-03DB-49BC-8958-DEB0CB624F1D}.Debug|Any CPU.ActiveCfg = Debug|Any CPU
		{BA4644E2-03DB-49BC-8958-DEB0CB624F1D}.Debug|Any CPU.Build.0 = Debug|Any CPU
		{BA4644E2-03DB-49BC-8958-DEB0CB624F1D}.Release|Any CPU.ActiveCfg = Release|Any CPU
		{BA4644E2-03DB-49BC-8958-DEB0CB624F1D}.Release|Any CPU.Build.0 = Release|Any CPU
		{B60299DB-7484-48C6-BB91-05472C6B6BDB}.Debug|Any CPU.ActiveCfg = Debug|Any CPU
		{B60299DB-7484-48C6-BB91-05472C6B6BDB}.Debug|Any CPU.Build.0 = Debug|Any CPU
		{B60299DB-7484-48C6-BB91-05472C6B6BDB}.Release|Any CPU.ActiveCfg = Release|Any CPU
		{B60299DB-7484-48C6-BB91-05472C6B6BDB}.Release|Any CPU.Build.0 = Release|Any CPU
		{2594D779-A75D-4454-86FE-C02F6285803E}.Debug|Any CPU.ActiveCfg = Debug|Any CPU
		{2594D779-A75D-4454-86FE-C02F6285803E}.Debug|Any CPU.Build.0 = Debug|Any CPU
		{2594D779-A75D-4454-86FE-C02F6285803E}.Release|Any CPU.ActiveCfg = Release|Any CPU
		{2594D779-A75D-4454-86FE-C02F6285803E}.Release|Any CPU.Build.0 = Release|Any CPU
		{A02C7617-32A3-4EE1-B0E3-08646D690A3B}.Debug|Any CPU.ActiveCfg = Debug|Any CPU
		{A02C7617-32A3-4EE1-B0E3-08646D690A3B}.Debug|Any CPU.Build.0 = Debug|Any CPU
		{A02C7617-32A3-4EE1-B0E3-08646D690A3B}.Release|Any CPU.ActiveCfg = Release|Any CPU
		{A02C7617-32A3-4EE1-B0E3-08646D690A3B}.Release|Any CPU.Build.0 = Release|Any CPU
		{7191AD02-FD1E-4A6A-89B6-EE29BB2E44A6}.Debug|Any CPU.ActiveCfg = Debug|Any CPU
		{7191AD02-FD1E-4A6A-89B6-EE29BB2E44A6}.Debug|Any CPU.Build.0 = Debug|Any CPU
		{7191AD02-FD1E-4A6A-89B6-EE29BB2E44A6}.Release|Any CPU.ActiveCfg = Release|Any CPU
		{7191AD02-FD1E-4A6A-89B6-EE29BB2E44A6}.Release|Any CPU.Build.0 = Release|Any CPU
		{162F8CB0-FD30-4C8E-B606-3564E5D35A00}.Debug|Any CPU.ActiveCfg = Debug|Any CPU
		{162F8CB0-FD30-4C8E-B606-3564E5D35A00}.Debug|Any CPU.Build.0 = Debug|Any CPU
		{162F8CB0-FD30-4C8E-B606-3564E5D35A00}.Release|Any CPU.ActiveCfg = Release|Any CPU
		{162F8CB0-FD30-4C8E-B606-3564E5D35A00}.Release|Any CPU.Build.0 = Release|Any CPU
		{E9F799BF-25EB-4107-847B-CBA5631984CA}.Debug|Any CPU.ActiveCfg = Debug|Any CPU
		{E9F799BF-25EB-4107-847B-CBA5631984CA}.Debug|Any CPU.Build.0 = Debug|Any CPU
		{E9F799BF-25EB-4107-847B-CBA5631984CA}.Release|Any CPU.ActiveCfg = Release|Any CPU
		{E9F799BF-25EB-4107-847B-CBA5631984CA}.Release|Any CPU.Build.0 = Release|Any CPU
		{944C21CF-3C59-4B1A-913D-9C9B58471F58}.Debug|Any CPU.ActiveCfg = Debug|Any CPU
		{944C21CF-3C59-4B1A-913D-9C9B58471F58}.Debug|Any CPU.Build.0 = Debug|Any CPU
		{944C21CF-3C59-4B1A-913D-9C9B58471F58}.Release|Any CPU.ActiveCfg = Release|Any CPU
		{944C21CF-3C59-4B1A-913D-9C9B58471F58}.Release|Any CPU.Build.0 = Release|Any CPU
		{334C2609-C1AE-4A80-85E7-D18FFD312D76}.Debug|Any CPU.ActiveCfg = Debug|Any CPU
		{334C2609-C1AE-4A80-85E7-D18FFD312D76}.Debug|Any CPU.Build.0 = Debug|Any CPU
		{334C2609-C1AE-4A80-85E7-D18FFD312D76}.Release|Any CPU.ActiveCfg = Release|Any CPU
		{334C2609-C1AE-4A80-85E7-D18FFD312D76}.Release|Any CPU.Build.0 = Release|Any CPU
		{52BD0659-5714-49EB-B240-6E44457931B3}.Debug|Any CPU.ActiveCfg = Debug|Any CPU
		{52BD0659-5714-49EB-B240-6E44457931B3}.Debug|Any CPU.Build.0 = Debug|Any CPU
		{52BD0659-5714-49EB-B240-6E44457931B3}.Release|Any CPU.ActiveCfg = Release|Any CPU
		{52BD0659-5714-49EB-B240-6E44457931B3}.Release|Any CPU.Build.0 = Release|Any CPU
	EndGlobalSection
EndGlobal
