
Microsoft Visual Studio Solution File, Format Version 12.00
Project("{FAE04EC0-301F-11D3-BF4B-00C04F79EFBC}") = "CSharp", "CSharp\CSharp.csproj", "{BA4644E2-03DB-49BC-8958-DEB0CB624F1D}"
EndProject
Project("{FAE04EC0-301F-11D3-BF4B-00C04F79EFBC}") = "EntityFrameWork", "EntityFrameWork\EntityFrameWork.csproj", "{B60299DB-7484-48C6-BB91-05472C6B6BDB}"
EndProject
Project("{FAE04EC0-301F-11D3-BF4B-00C04F79EFBC}") = "WebApi", "WebApi\WebApi.csproj", "{2594D779-A75D-4454-86FE-C02F6285803E}"
EndProject
Project("{FAE04EC0-301F-11D3-BF4B-00C04F79EFBC}") = "WebApi.Client.BlazorServer", "WebApi.Client.BlazorServer\WebApi.Client.BlazorServer.csproj", "{A02C7617-32A3-4EE1-B0E3-08646D690A3B}"
EndProject
Project("{FAE04EC0-301F-11D3-BF4B-00C04F79EFBC}") = "WebApi.Client.BlazorWebAssembly", "WebApi.Client.BlazorWebAssembly\WebApi.Client.BlazorWebAssembly.csproj", "{7191AD02-FD1E-4A6A-89B6-EE29BB2E44A6}"
EndProject
Project("{FAE04EC0-301F-11D3-BF4B-00C04F79EFBC}") = "InfluxDB", "InfluxDB\InfluxDB.csproj", "{162F8CB0-FD30-4C8E-B606-3564E5D35A00}"
EndProject
Project("{FAE04EC0-301F-11D3-BF4B-00C04F79EFBC}") = "BlazorFrontEnd", "BlazorFrontEnd\BlazorFrontEnd.csproj", "{E9F799BF-25EB-4107-847B-CBA5631984CA}"
EndProject
Project("{FAE04EC0-301F-11D3-BF4B-00C04F79EFBC}") = "BlazorFrontEnd.Tests", "BlazorFrontEnd.Tests\BlazorFrontEnd.Tests.csproj", "{944C21CF-3C59-4B1A-913D-9C9B58471F58}"
EndProject
Project("{FAE04EC0-301F-11D3-BF4B-00C04F79EFBC}") = "AzureFunction", "AzureFunction\AzureFunction.csproj", "{334C2609-C1AE-4A80-85E7-D18FFD312D76}"
EndProject
Project("{FAE04EC0-301F-11D3-BF4B-00C04F79EFBC}") = "WordPdfConvertFromHtml", "WordPdfConvertFromHtml\WordPdfConvertFromHtml.csproj", "{52BD0659-5714-49EB-B240-6E44457931B3}"
EndProject
Project("{FAE04EC0-301F-11D3-BF4B-00C04F79EFBC}") = "WebMVC", "WebMVC\WebMVC.csproj", "{5EFDB0D7-A915-49B2-9862-C408E19C27B6}"
EndProject
Project("{FAE04EC0-301F-11D3-BF4B-00C04F79EFBC}") = "WordWithOpenXml", "WordWithOpenXml\WordWithOpenXml.csproj", "{00769D62-A453-4040-B99E-A53FC569BAA8}"
EndProject
Project("{2150E333-8FDC-42A3-9474-1A3956D46DE8}") = "Persistance", "Persistance", "{4BB6C8D3-E2C0-4370-A663-428436EAA123}"
EndProject
Project("{2150E333-8FDC-42A3-9474-1A3956D46DE8}") = "Utility", "Utility", "{0834C7A8-FD3B-4FF0-9540-2C6ACAAE5813}"
EndProject
Project("{2150E333-8FDC-42A3-9474-1A3956D46DE8}") = "Web", "Web", "{CD67CDF8-415A-498B-AB13-843D296311CB}"
EndProject
Project("{2150E333-8FDC-42A3-9474-1A3956D46DE8}") = "Azure", "Azure", "{525F77AF-82A8-48DE-B255-F14146633910}"
EndProject
Project("{FAE04EC0-301F-11D3-BF4B-00C04F79EFBC}") = "CqrsWithEfCoreAndMediaR", "CqrsWithEfCoreAndMediaR\CqrsWithEfCoreAndMediaR.csproj", "{C88C25F5-8DE2-4E07-85E3-65135E967A52}"
EndProject
Project("{FAE04EC0-301F-11D3-BF4B-00C04F79EFBC}") = "BenchmarkTest", "BenchmarkTest\BenchmarkTest.csproj", "{8876A41E-85A2-47C7-A075-3DDA0023BDDE}"
EndProject
Project("{FAE04EC0-301F-11D3-BF4B-00C04F79EFBC}") = "EfCoreReplica", "EfCoreReplica\EfCoreReplica.csproj", "{23340AF1-8914-41F1-BAB8-DDF4C24CE796}"
EndProject
Project("{2150E333-8FDC-42A3-9474-1A3956D46DE8}") = "EventDriven", "EventDriven", "{29696106-70EC-445B-8A3F-575A8A7D32AA}"
EndProject
Project("{2150E333-8FDC-42A3-9474-1A3956D46DE8}") = "ApacheKafka", "ApacheKafka", "{96D09215-6081-4D97-8E7D-57411668DAD4}"
	ProjectSection(SolutionItems) = preProject
		EventDriven\ApacheKafka\README.md = Architect\EventDriven\ApacheKafka\README.md
		EventDriven\ApacheKafka\docker-compose.yml = Architect\EventDriven\ApacheKafka\docker-compose.yml
	EndProjectSection
EndProject
Project("{FAE04EC0-301F-11D3-BF4B-00C04F79EFBC}") = "Producer", "Architect\EventDriven\ApacheKafka\Producer\Producer.csproj", "{77165380-2818-4C38-BFE9-886799950329}"
EndProject
Project("{FAE04EC0-301F-11D3-BF4B-00C04F79EFBC}") = "ConsumerConsole", "Architect\EventDriven\ApacheKafka\ConsumerConsole\ConsumerConsole.csproj", "{5DB3A9D8-02FC-4862-9F82-863B37D6D215}"
EndProject
Project("{FAE04EC0-301F-11D3-BF4B-00C04F79EFBC}") = "ConsumerWorkerService", "Architect\EventDriven\ApacheKafka\ConsumerWorkerService\ConsumerWorkerService.csproj", "{D0A9890A-9C4C-4C82-82A7-E706BE23F3A6}"
EndProject
Project("{2150E333-8FDC-42A3-9474-1A3956D46DE8}") = "Architect", "Architect", "{14DF1E9A-6FF3-4315-A990-B8D17408FFE5}"
EndProject
Project("{2150E333-8FDC-42A3-9474-1A3956D46DE8}") = "EventSource", "EventSource", "{C9311DBC-D238-4CC8-90EB-575117AA2F2C}"
EndProject
Project("{FAE04EC0-301F-11D3-BF4B-00C04F79EFBC}") = "MartenEventSource", "Architect\EventSource\MartenEventSource\MartenEventSource.csproj", "{D0D5A39E-8389-4B92-A1C1-1DAC52E0B31E}"
EndProject
Project("{FAE04EC0-301F-11D3-BF4B-00C04F79EFBC}") = "EventSourceWithPostgres", "Architect\EventSource\EventSourceWithPostgres\EventSourceWithPostgres.csproj", "{83269B53-1069-4F97-8606-33FCEFCB8E4E}"
EndProject
Project("{FAE04EC0-301F-11D3-BF4B-00C04F79EFBC}") = "BankAccountEventSource", "Architect\EventSource\BankAccountEventSource\BankAccountEventSource.csproj", "{82D195F3-353D-4C71-94C1-8B095AB04899}"
EndProject
Global
	GlobalSection(SolutionConfigurationPlatforms) = preSolution
		Debug|Any CPU = Debug|Any CPU
		Release|Any CPU = Release|Any CPU
	EndGlobalSection
	GlobalSection(ProjectConfigurationPlatforms) = postSolution
		{BA4644E2-03DB-49BC-8958-DEB0CB624F1D}.Debug|Any CPU.ActiveCfg = Debug|Any CPU
		{BA4644E2-03DB-49BC-8958-DEB0CB624F1D}.Debug|Any CPU.Build.0 = Debug|Any CPU
		{BA4644E2-03DB-49BC-8958-DEB0CB624F1D}.Release|Any CPU.ActiveCfg = Release|Any CPU
		{BA4644E2-03DB-49BC-8958-DEB0CB624F1D}.Release|Any CPU.Build.0 = Release|Any CPU
		{B60299DB-7484-48C6-BB91-05472C6B6BDB}.Debug|Any CPU.ActiveCfg = Debug|Any CPU
		{B60299DB-7484-48C6-BB91-05472C6B6BDB}.Debug|Any CPU.Build.0 = Debug|Any CPU
		{B60299DB-7484-48C6-BB91-05472C6B6BDB}.Release|Any CPU.ActiveCfg = Release|Any CPU
		{B60299DB-7484-48C6-BB91-05472C6B6BDB}.Release|Any CPU.Build.0 = Release|Any CPU
		{2594D779-A75D-4454-86FE-C02F6285803E}.Debug|Any CPU.ActiveCfg = Debug|Any CPU
		{2594D779-A75D-4454-86FE-C02F6285803E}.Debug|Any CPU.Build.0 = Debug|Any CPU
		{2594D779-A75D-4454-86FE-C02F6285803E}.Release|Any CPU.ActiveCfg = Release|Any CPU
		{2594D779-A75D-4454-86FE-C02F6285803E}.Release|Any CPU.Build.0 = Release|Any CPU
		{A02C7617-32A3-4EE1-B0E3-08646D690A3B}.Debug|Any CPU.ActiveCfg = Debug|Any CPU
		{A02C7617-32A3-4EE1-B0E3-08646D690A3B}.Debug|Any CPU.Build.0 = Debug|Any CPU
		{A02C7617-32A3-4EE1-B0E3-08646D690A3B}.Release|Any CPU.ActiveCfg = Release|Any CPU
		{A02C7617-32A3-4EE1-B0E3-08646D690A3B}.Release|Any CPU.Build.0 = Release|Any CPU
		{7191AD02-FD1E-4A6A-89B6-EE29BB2E44A6}.Debug|Any CPU.ActiveCfg = Debug|Any CPU
		{7191AD02-FD1E-4A6A-89B6-EE29BB2E44A6}.Debug|Any CPU.Build.0 = Debug|Any CPU
		{7191AD02-FD1E-4A6A-89B6-EE29BB2E44A6}.Release|Any CPU.ActiveCfg = Release|Any CPU
		{7191AD02-FD1E-4A6A-89B6-EE29BB2E44A6}.Release|Any CPU.Build.0 = Release|Any CPU
		{162F8CB0-FD30-4C8E-B606-3564E5D35A00}.Debug|Any CPU.ActiveCfg = Debug|Any CPU
		{162F8CB0-FD30-4C8E-B606-3564E5D35A00}.Debug|Any CPU.Build.0 = Debug|Any CPU
		{162F8CB0-FD30-4C8E-B606-3564E5D35A00}.Release|Any CPU.ActiveCfg = Release|Any CPU
		{162F8CB0-FD30-4C8E-B606-3564E5D35A00}.Release|Any CPU.Build.0 = Release|Any CPU
		{E9F799BF-25EB-4107-847B-CBA5631984CA}.Debug|Any CPU.ActiveCfg = Debug|Any CPU
		{E9F799BF-25EB-4107-847B-CBA5631984CA}.Debug|Any CPU.Build.0 = Debug|Any CPU
		{E9F799BF-25EB-4107-847B-CBA5631984CA}.Release|Any CPU.ActiveCfg = Release|Any CPU
		{E9F799BF-25EB-4107-847B-CBA5631984CA}.Release|Any CPU.Build.0 = Release|Any CPU
		{944C21CF-3C59-4B1A-913D-9C9B58471F58}.Debug|Any CPU.ActiveCfg = Debug|Any CPU
		{944C21CF-3C59-4B1A-913D-9C9B58471F58}.Debug|Any CPU.Build.0 = Debug|Any CPU
		{944C21CF-3C59-4B1A-913D-9C9B58471F58}.Release|Any CPU.ActiveCfg = Release|Any CPU
		{944C21CF-3C59-4B1A-913D-9C9B58471F58}.Release|Any CPU.Build.0 = Release|Any CPU
		{334C2609-C1AE-4A80-85E7-D18FFD312D76}.Debug|Any CPU.ActiveCfg = Debug|Any CPU
		{334C2609-C1AE-4A80-85E7-D18FFD312D76}.Debug|Any CPU.Build.0 = Debug|Any CPU
		{334C2609-C1AE-4A80-85E7-D18FFD312D76}.Release|Any CPU.ActiveCfg = Release|Any CPU
		{334C2609-C1AE-4A80-85E7-D18FFD312D76}.Release|Any CPU.Build.0 = Release|Any CPU
		{52BD0659-5714-49EB-B240-6E44457931B3}.Debug|Any CPU.ActiveCfg = Debug|Any CPU
		{52BD0659-5714-49EB-B240-6E44457931B3}.Debug|Any CPU.Build.0 = Debug|Any CPU
		{52BD0659-5714-49EB-B240-6E44457931B3}.Release|Any CPU.ActiveCfg = Release|Any CPU
		{52BD0659-5714-49EB-B240-6E44457931B3}.Release|Any CPU.Build.0 = Release|Any CPU
		{5EFDB0D7-A915-49B2-9862-C408E19C27B6}.Debug|Any CPU.ActiveCfg = Debug|Any CPU
		{5EFDB0D7-A915-49B2-9862-C408E19C27B6}.Debug|Any CPU.Build.0 = Debug|Any CPU
		{5EFDB0D7-A915-49B2-9862-C408E19C27B6}.Release|Any CPU.ActiveCfg = Release|Any CPU
		{5EFDB0D7-A915-49B2-9862-C408E19C27B6}.Release|Any CPU.Build.0 = Release|Any CPU
		{00769D62-A453-4040-B99E-A53FC569BAA8}.Debug|Any CPU.ActiveCfg = Debug|Any CPU
		{00769D62-A453-4040-B99E-A53FC569BAA8}.Debug|Any CPU.Build.0 = Debug|Any CPU
		{00769D62-A453-4040-B99E-A53FC569BAA8}.Release|Any CPU.ActiveCfg = Release|Any CPU
		{00769D62-A453-4040-B99E-A53FC569BAA8}.Release|Any CPU.Build.0 = Release|Any CPU
		{C88C25F5-8DE2-4E07-85E3-65135E967A52}.Debug|Any CPU.ActiveCfg = Debug|Any CPU
		{C88C25F5-8DE2-4E07-85E3-65135E967A52}.Debug|Any CPU.Build.0 = Debug|Any CPU
		{C88C25F5-8DE2-4E07-85E3-65135E967A52}.Release|Any CPU.ActiveCfg = Release|Any CPU
		{C88C25F5-8DE2-4E07-85E3-65135E967A52}.Release|Any CPU.Build.0 = Release|Any CPU
		{8876A41E-85A2-47C7-A075-3DDA0023BDDE}.Debug|Any CPU.ActiveCfg = Debug|Any CPU
		{8876A41E-85A2-47C7-A075-3DDA0023BDDE}.Debug|Any CPU.Build.0 = Debug|Any CPU
		{8876A41E-85A2-47C7-A075-3DDA0023BDDE}.Release|Any CPU.ActiveCfg = Release|Any CPU
		{8876A41E-85A2-47C7-A075-3DDA0023BDDE}.Release|Any CPU.Build.0 = Release|Any CPU
		{23340AF1-8914-41F1-BAB8-DDF4C24CE796}.Debug|Any CPU.ActiveCfg = Debug|Any CPU
		{23340AF1-8914-41F1-BAB8-DDF4C24CE796}.Debug|Any CPU.Build.0 = Debug|Any CPU
		{23340AF1-8914-41F1-BAB8-DDF4C24CE796}.Release|Any CPU.ActiveCfg = Release|Any CPU
		{23340AF1-8914-41F1-BAB8-DDF4C24CE796}.Release|Any CPU.Build.0 = Release|Any CPU
		{77165380-2818-4C38-BFE9-886799950329}.Debug|Any CPU.ActiveCfg = Debug|Any CPU
		{77165380-2818-4C38-BFE9-886799950329}.Debug|Any CPU.Build.0 = Debug|Any CPU
		{77165380-2818-4C38-BFE9-886799950329}.Release|Any CPU.ActiveCfg = Release|Any CPU
		{77165380-2818-4C38-BFE9-886799950329}.Release|Any CPU.Build.0 = Release|Any CPU
		{5DB3A9D8-02FC-4862-9F82-863B37D6D215}.Debug|Any CPU.ActiveCfg = Debug|Any CPU
		{5DB3A9D8-02FC-4862-9F82-863B37D6D215}.Debug|Any CPU.Build.0 = Debug|Any CPU
		{5DB3A9D8-02FC-4862-9F82-863B37D6D215}.Release|Any CPU.ActiveCfg = Release|Any CPU
		{5DB3A9D8-02FC-4862-9F82-863B37D6D215}.Release|Any CPU.Build.0 = Release|Any CPU
		{D0A9890A-9C4C-4C82-82A7-E706BE23F3A6}.Debug|Any CPU.ActiveCfg = Debug|Any CPU
		{D0A9890A-9C4C-4C82-82A7-E706BE23F3A6}.Debug|Any CPU.Build.0 = Debug|Any CPU
		{D0A9890A-9C4C-4C82-82A7-E706BE23F3A6}.Release|Any CPU.ActiveCfg = Release|Any CPU
		{D0A9890A-9C4C-4C82-82A7-E706BE23F3A6}.Release|Any CPU.Build.0 = Release|Any CPU
		{D0D5A39E-8389-4B92-A1C1-1DAC52E0B31E}.Debug|Any CPU.ActiveCfg = Debug|Any CPU
		{D0D5A39E-8389-4B92-A1C1-1DAC52E0B31E}.Debug|Any CPU.Build.0 = Debug|Any CPU
		{D0D5A39E-8389-4B92-A1C1-1DAC52E0B31E}.Release|Any CPU.ActiveCfg = Release|Any CPU
		{D0D5A39E-8389-4B92-A1C1-1DAC52E0B31E}.Release|Any CPU.Build.0 = Release|Any CPU
		{83269B53-1069-4F97-8606-33FCEFCB8E4E}.Debug|Any CPU.ActiveCfg = Debug|Any CPU
		{83269B53-1069-4F97-8606-33FCEFCB8E4E}.Debug|Any CPU.Build.0 = Debug|Any CPU
		{83269B53-1069-4F97-8606-33FCEFCB8E4E}.Release|Any CPU.ActiveCfg = Release|Any CPU
		{83269B53-1069-4F97-8606-33FCEFCB8E4E}.Release|Any CPU.Build.0 = Release|Any CPU
		{82D195F3-353D-4C71-94C1-8B095AB04899}.Debug|Any CPU.ActiveCfg = Debug|Any CPU
		{82D195F3-353D-4C71-94C1-8B095AB04899}.Debug|Any CPU.Build.0 = Debug|Any CPU
		{82D195F3-353D-4C71-94C1-8B095AB04899}.Release|Any CPU.ActiveCfg = Release|Any CPU
		{82D195F3-353D-4C71-94C1-8B095AB04899}.Release|Any CPU.Build.0 = Release|Any CPU
	EndGlobalSection
	GlobalSection(NestedProjects) = preSolution
		{B60299DB-7484-48C6-BB91-05472C6B6BDB} = {4BB6C8D3-E2C0-4370-A663-428436EAA123}
		{52BD0659-5714-49EB-B240-6E44457931B3} = {0834C7A8-FD3B-4FF0-9540-2C6ACAAE5813}
		{00769D62-A453-4040-B99E-A53FC569BAA8} = {0834C7A8-FD3B-4FF0-9540-2C6ACAAE5813}
		{162F8CB0-FD30-4C8E-B606-3564E5D35A00} = {4BB6C8D3-E2C0-4370-A663-428436EAA123}
		{5EFDB0D7-A915-49B2-9862-C408E19C27B6} = {CD67CDF8-415A-498B-AB13-843D296311CB}
		{334C2609-C1AE-4A80-85E7-D18FFD312D76} = {525F77AF-82A8-48DE-B255-F14146633910}
		{E9F799BF-25EB-4107-847B-CBA5631984CA} = {CD67CDF8-415A-498B-AB13-843D296311CB}
		{944C21CF-3C59-4B1A-913D-9C9B58471F58} = {CD67CDF8-415A-498B-AB13-843D296311CB}
		{2594D779-A75D-4454-86FE-C02F6285803E} = {CD67CDF8-415A-498B-AB13-843D296311CB}
		{A02C7617-32A3-4EE1-B0E3-08646D690A3B} = {CD67CDF8-415A-498B-AB13-843D296311CB}
		{7191AD02-FD1E-4A6A-89B6-EE29BB2E44A6} = {CD67CDF8-415A-498B-AB13-843D296311CB}
		{C88C25F5-8DE2-4E07-85E3-65135E967A52} = {4BB6C8D3-E2C0-4370-A663-428436EAA123}
		{23340AF1-8914-41F1-BAB8-DDF4C24CE796} = {4BB6C8D3-E2C0-4370-A663-428436EAA123}
		{96D09215-6081-4D97-8E7D-57411668DAD4} = {29696106-70EC-445B-8A3F-575A8A7D32AA}
		{77165380-2818-4C38-BFE9-886799950329} = {96D09215-6081-4D97-8E7D-57411668DAD4}
		{5DB3A9D8-02FC-4862-9F82-863B37D6D215} = {96D09215-6081-4D97-8E7D-57411668DAD4}
		{D0A9890A-9C4C-4C82-82A7-E706BE23F3A6} = {96D09215-6081-4D97-8E7D-57411668DAD4}
		{C9311DBC-D238-4CC8-90EB-575117AA2F2C} = {14DF1E9A-6FF3-4315-A990-B8D17408FFE5}
		{29696106-70EC-445B-8A3F-575A8A7D32AA} = {14DF1E9A-6FF3-4315-A990-B8D17408FFE5}
		{D0D5A39E-8389-4B92-A1C1-1DAC52E0B31E} = {C9311DBC-D238-4CC8-90EB-575117AA2F2C}
		{83269B53-1069-4F97-8606-33FCEFCB8E4E} = {C9311DBC-D238-4CC8-90EB-575117AA2F2C}
		{82D195F3-353D-4C71-94C1-8B095AB04899} = {C9311DBC-D238-4CC8-90EB-575117AA2F2C}
	EndGlobalSection
EndGlobal
